// !$*UTF8*$!
{
	archiveVersion = 1;
	classes = {
	};
	objectVersion = 56;
	objects = {

/* Begin PBXBuildFile section */
		37F070052B08F7BD009821F2 /* AppDelegate.swift in Sources */ = {isa = PBXBuildFile; fileRef = 37F070042B08F7BD009821F2 /* AppDelegate.swift */; };
		37F070072B08F7BD009821F2 /* SceneDelegate.swift in Sources */ = {isa = PBXBuildFile; fileRef = 37F070062B08F7BD009821F2 /* SceneDelegate.swift */; };
		37F0700C2B08F7BD009821F2 /* Main.storyboard in Resources */ = {isa = PBXBuildFile; fileRef = 37F0700A2B08F7BD009821F2 /* Main.storyboard */; };
		37F0700E2B08F7BE009821F2 /* Assets.xcassets in Resources */ = {isa = PBXBuildFile; fileRef = 37F0700D2B08F7BE009821F2 /* Assets.xcassets */; };
		37F070112B08F7BE009821F2 /* LaunchScreen.storyboard in Resources */ = {isa = PBXBuildFile; fileRef = 37F0700F2B08F7BE009821F2 /* LaunchScreen.storyboard */; };
		37F0701C2B08F7BE009821F2 /* GoodNewsTests.swift in Sources */ = {isa = PBXBuildFile; fileRef = 37F0701B2B08F7BE009821F2 /* GoodNewsTests.swift */; };
		37F070262B08F7BE009821F2 /* GoodNewsUITests.swift in Sources */ = {isa = PBXBuildFile; fileRef = 37F070252B08F7BE009821F2 /* GoodNewsUITests.swift */; };
		37F070282B08F7BE009821F2 /* GoodNewsUITestsLaunchTests.swift in Sources */ = {isa = PBXBuildFile; fileRef = 37F070272B08F7BE009821F2 /* GoodNewsUITestsLaunchTests.swift */; };
		37F070362B08F8B9009821F2 /* NewsListTableViewController.swift in Sources */ = {isa = PBXBuildFile; fileRef = 37F070352B08F8B9009821F2 /* NewsListTableViewController.swift */; };
		37F070382B08F8F3009821F2 /* NavigationController.swift in Sources */ = {isa = PBXBuildFile; fileRef = 37F070372B08F8F3009821F2 /* NavigationController.swift */; };
		37F0703B2B08FB0A009821F2 /* Webservice.swift in Sources */ = {isa = PBXBuildFile; fileRef = 37F0703A2B08FB0A009821F2 /* Webservice.swift */; };
		37F0703F2B08FB4F009821F2 /* Article.swift in Sources */ = {isa = PBXBuildFile; fileRef = 37F0703E2B08FB4F009821F2 /* Article.swift */; };
		37F070422B090013009821F2 /* ArticleListViewModel.swift in Sources */ = {isa = PBXBuildFile; fileRef = 37F070412B090013009821F2 /* ArticleListViewModel.swift */; };
		37F070452B090521009821F2 /* ArticleTableViewCell.swift in Sources */ = {isa = PBXBuildFile; fileRef = 37F070442B090521009821F2 /* ArticleTableViewCell.swift */; };
/* End PBXBuildFile section */

/* Begin PBXContainerItemProxy section */
		37F070182B08F7BE009821F2 /* PBXContainerItemProxy */ = {
			isa = PBXContainerItemProxy;
			containerPortal = 37F06FF92B08F7BD009821F2 /* Project object */;
			proxyType = 1;
			remoteGlobalIDString = 37F070002B08F7BD009821F2;
			remoteInfo = GoodNews;
		};
		37F070222B08F7BE009821F2 /* PBXContainerItemProxy */ = {
			isa = PBXContainerItemProxy;
			containerPortal = 37F06FF92B08F7BD009821F2 /* Project object */;
			proxyType = 1;
			remoteGlobalIDString = 37F070002B08F7BD009821F2;
			remoteInfo = GoodNews;
		};
/* End PBXContainerItemProxy section */

/* Begin PBXFileReference section */
		37F070012B08F7BD009821F2 /* GoodNews.app */ = {isa = PBXFileReference; explicitFileType = wrapper.application; includeInIndex = 0; path = GoodNews.app; sourceTree = BUILT_PRODUCTS_DIR; };
		37F070042B08F7BD009821F2 /* AppDelegate.swift */ = {isa = PBXFileReference; lastKnownFileType = sourcecode.swift; path = AppDelegate.swift; sourceTree = "<group>"; };
		37F070062B08F7BD009821F2 /* SceneDelegate.swift */ = {isa = PBXFileReference; lastKnownFileType = sourcecode.swift; path = SceneDelegate.swift; sourceTree = "<group>"; };
		37F0700B2B08F7BD009821F2 /* Base */ = {isa = PBXFileReference; lastKnownFileType = file.storyboard; name = Base; path = Base.lproj/Main.storyboard; sourceTree = "<group>"; };
		37F0700D2B08F7BE009821F2 /* Assets.xcassets */ = {isa = PBXFileReference; lastKnownFileType = folder.assetcatalog; path = Assets.xcassets; sourceTree = "<group>"; };
		37F070102B08F7BE009821F2 /* Base */ = {isa = PBXFileReference; lastKnownFileType = file.storyboard; name = Base; path = Base.lproj/LaunchScreen.storyboard; sourceTree = "<group>"; };
		37F070122B08F7BE009821F2 /* Info.plist */ = {isa = PBXFileReference; lastKnownFileType = text.plist.xml; path = Info.plist; sourceTree = "<group>"; };
		37F070172B08F7BE009821F2 /* GoodNewsTests.xctest */ = {isa = PBXFileReference; explicitFileType = wrapper.cfbundle; includeInIndex = 0; path = GoodNewsTests.xctest; sourceTree = BUILT_PRODUCTS_DIR; };
		37F0701B2B08F7BE009821F2 /* GoodNewsTests.swift */ = {isa = PBXFileReference; lastKnownFileType = sourcecode.swift; path = GoodNewsTests.swift; sourceTree = "<group>"; };
		37F070212B08F7BE009821F2 /* GoodNewsUITests.xctest */ = {isa = PBXFileReference; explicitFileType = wrapper.cfbundle; includeInIndex = 0; path = GoodNewsUITests.xctest; sourceTree = BUILT_PRODUCTS_DIR; };
		37F070252B08F7BE009821F2 /* GoodNewsUITests.swift */ = {isa = PBXFileReference; lastKnownFileType = sourcecode.swift; path = GoodNewsUITests.swift; sourceTree = "<group>"; };
		37F070272B08F7BE009821F2 /* GoodNewsUITestsLaunchTests.swift */ = {isa = PBXFileReference; lastKnownFileType = sourcecode.swift; path = GoodNewsUITestsLaunchTests.swift; sourceTree = "<group>"; };
		37F070352B08F8B9009821F2 /* NewsListTableViewController.swift */ = {isa = PBXFileReference; lastKnownFileType = sourcecode.swift; path = NewsListTableViewController.swift; sourceTree = "<group>"; };
		37F070372B08F8F3009821F2 /* NavigationController.swift */ = {isa = PBXFileReference; lastKnownFileType = sourcecode.swift; path = NavigationController.swift; sourceTree = "<group>"; };
		37F0703A2B08FB0A009821F2 /* Webservice.swift */ = {isa = PBXFileReference; lastKnownFileType = sourcecode.swift; path = Webservice.swift; sourceTree = "<group>"; };
		37F0703E2B08FB4F009821F2 /* Article.swift */ = {isa = PBXFileReference; lastKnownFileType = sourcecode.swift; path = Article.swift; sourceTree = "<group>"; };
		37F070412B090013009821F2 /* ArticleListViewModel.swift */ = {isa = PBXFileReference; lastKnownFileType = sourcecode.swift; path = ArticleListViewModel.swift; sourceTree = "<group>"; };
		37F070442B090521009821F2 /* ArticleTableViewCell.swift */ = {isa = PBXFileReference; lastKnownFileType = sourcecode.swift; path = ArticleTableViewCell.swift; sourceTree = "<group>"; };
/* End PBXFileReference section */

/* Begin PBXFrameworksBuildPhase section */
		37F06FFE2B08F7BD009821F2 /* Frameworks */ = {
			isa = PBXFrameworksBuildPhase;
			buildActionMask = 2147483647;
			files = (
			);
			runOnlyForDeploymentPostprocessing = 0;
		};
		37F070142B08F7BE009821F2 /* Frameworks */ = {
			isa = PBXFrameworksBuildPhase;
			buildActionMask = 2147483647;
			files = (
			);
			runOnlyForDeploymentPostprocessing = 0;
		};
		37F0701E2B08F7BE009821F2 /* Frameworks */ = {
			isa = PBXFrameworksBuildPhase;
			buildActionMask = 2147483647;
			files = (
			);
			runOnlyForDeploymentPostprocessing = 0;
		};
/* End PBXFrameworksBuildPhase section */

/* Begin PBXGroup section */
		37F06FF82B08F7BD009821F2 = {
			isa = PBXGroup;
			children = (
				37F070032B08F7BD009821F2 /* GoodNews */,
				37F0701A2B08F7BE009821F2 /* GoodNewsTests */,
				37F070242B08F7BE009821F2 /* GoodNewsUITests */,
				37F070022B08F7BD009821F2 /* Products */,
			);
			sourceTree = "<group>";
		};
		37F070022B08F7BD009821F2 /* Products */ = {
			isa = PBXGroup;
			children = (
				37F070012B08F7BD009821F2 /* GoodNews.app */,
				37F070172B08F7BE009821F2 /* GoodNewsTests.xctest */,
				37F070212B08F7BE009821F2 /* GoodNewsUITests.xctest */,
			);
			name = Products;
			sourceTree = "<group>";
		};
		37F070032B08F7BD009821F2 /* GoodNews */ = {
			isa = PBXGroup;
			children = (
				37F070432B090501009821F2 /* Cells */,
				37F070402B08FF02009821F2 /* ViewModels */,
				37F0703C2B08FB31009821F2 /* Models */,
				37F070392B08FAFD009821F2 /* Services */,
				37F070342B08F8A4009821F2 /* Controllers */,
				37F070042B08F7BD009821F2 /* AppDelegate.swift */,
				37F070062B08F7BD009821F2 /* SceneDelegate.swift */,
				37F0700A2B08F7BD009821F2 /* Main.storyboard */,
				37F0700D2B08F7BE009821F2 /* Assets.xcassets */,
				37F0700F2B08F7BE009821F2 /* LaunchScreen.storyboard */,
				37F070122B08F7BE009821F2 /* Info.plist */,
			);
			path = GoodNews;
			sourceTree = "<group>";
		};
		37F0701A2B08F7BE009821F2 /* GoodNewsTests */ = {
			isa = PBXGroup;
			children = (
				37F0701B2B08F7BE009821F2 /* GoodNewsTests.swift */,
			);
			path = GoodNewsTests;
			sourceTree = "<group>";
		};
		37F070242B08F7BE009821F2 /* GoodNewsUITests */ = {
			isa = PBXGroup;
			children = (
				37F070252B08F7BE009821F2 /* GoodNewsUITests.swift */,
				37F070272B08F7BE009821F2 /* GoodNewsUITestsLaunchTests.swift */,
			);
			path = GoodNewsUITests;
			sourceTree = "<group>";
		};
		37F070342B08F8A4009821F2 /* Controllers */ = {
			isa = PBXGroup;
			children = (
				37F070352B08F8B9009821F2 /* NewsListTableViewController.swift */,
				37F070372B08F8F3009821F2 /* NavigationController.swift */,
			);
			path = Controllers;
			sourceTree = "<group>";
		};
		37F070392B08FAFD009821F2 /* Services */ = {
			isa = PBXGroup;
			children = (
				37F0703A2B08FB0A009821F2 /* Webservice.swift */,
			);
			path = Services;
			sourceTree = "<group>";
		};
		37F0703C2B08FB31009821F2 /* Models */ = {
			isa = PBXGroup;
			children = (
				37F0703E2B08FB4F009821F2 /* Article.swift */,
			);
			path = Models;
			sourceTree = "<group>";
		};
		37F070402B08FF02009821F2 /* ViewModels */ = {
			isa = PBXGroup;
			children = (
				37F070412B090013009821F2 /* ArticleListViewModel.swift */,
			);
			path = ViewModels;
			sourceTree = "<group>";
		};
		37F070432B090501009821F2 /* Cells */ = {
			isa = PBXGroup;
			children = (
				37F070442B090521009821F2 /* ArticleTableViewCell.swift */,
			);
			path = Cells;
			sourceTree = "<group>";
		};
/* End PBXGroup section */

/* Begin PBXNativeTarget section */
		37F070002B08F7BD009821F2 /* GoodNews */ = {
			isa = PBXNativeTarget;
			buildConfigurationList = 37F0702B2B08F7BE009821F2 /* Build configuration list for PBXNativeTarget "GoodNews" */;
			buildPhases = (
				37F06FFD2B08F7BD009821F2 /* Sources */,
				37F06FFE2B08F7BD009821F2 /* Frameworks */,
				37F06FFF2B08F7BD009821F2 /* Resources */,
			);
			buildRules = (
			);
			dependencies = (
			);
			name = GoodNews;
			productName = GoodNews;
			productReference = 37F070012B08F7BD009821F2 /* GoodNews.app */;
			productType = "com.apple.product-type.application";
		};
		37F070162B08F7BE009821F2 /* GoodNewsTests */ = {
			isa = PBXNativeTarget;
			buildConfigurationList = 37F0702E2B08F7BE009821F2 /* Build configuration list for PBXNativeTarget "GoodNewsTests" */;
			buildPhases = (
				37F070132B08F7BE009821F2 /* Sources */,
				37F070142B08F7BE009821F2 /* Frameworks */,
				37F070152B08F7BE009821F2 /* Resources */,
			);
			buildRules = (
			);
			dependencies = (
				37F070192B08F7BE009821F2 /* PBXTargetDependency */,
			);
			name = GoodNewsTests;
			productName = GoodNewsTests;
			productReference = 37F070172B08F7BE009821F2 /* GoodNewsTests.xctest */;
			productType = "com.apple.product-type.bundle.unit-test";
		};
		37F070202B08F7BE009821F2 /* GoodNewsUITests */ = {
			isa = PBXNativeTarget;
			buildConfigurationList = 37F070312B08F7BE009821F2 /* Build configuration list for PBXNativeTarget "GoodNewsUITests" */;
			buildPhases = (
				37F0701D2B08F7BE009821F2 /* Sources */,
				37F0701E2B08F7BE009821F2 /* Frameworks */,
				37F0701F2B08F7BE009821F2 /* Resources */,
			);
			buildRules = (
			);
			dependencies = (
				37F070232B08F7BE009821F2 /* PBXTargetDependency */,
			);
			name = GoodNewsUITests;
			productName = GoodNewsUITests;
			productReference = 37F070212B08F7BE009821F2 /* GoodNewsUITests.xctest */;
			productType = "com.apple.product-type.bundle.ui-testing";
		};
/* End PBXNativeTarget section */

/* Begin PBXProject section */
		37F06FF92B08F7BD009821F2 /* Project object */ = {
			isa = PBXProject;
			attributes = {
				BuildIndependentTargetsInParallel = 1;
				LastSwiftUpdateCheck = 1500;
				LastUpgradeCheck = 1500;
				TargetAttributes = {
					37F070002B08F7BD009821F2 = {
						CreatedOnToolsVersion = 15.0.1;
					};
					37F070162B08F7BE009821F2 = {
						CreatedOnToolsVersion = 15.0.1;
						TestTargetID = 37F070002B08F7BD009821F2;
					};
					37F070202B08F7BE009821F2 = {
						CreatedOnToolsVersion = 15.0.1;
						TestTargetID = 37F070002B08F7BD009821F2;
					};
				};
			};
			buildConfigurationList = 37F06FFC2B08F7BD009821F2 /* Build configuration list for PBXProject "GoodNews" */;
			compatibilityVersion = "Xcode 14.0";
			developmentRegion = en;
			hasScannedForEncodings = 0;
			knownRegions = (
				en,
				Base,
			);
			mainGroup = 37F06FF82B08F7BD009821F2;
			productRefGroup = 37F070022B08F7BD009821F2 /* Products */;
			projectDirPath = "";
			projectRoot = "";
			targets = (
				37F070002B08F7BD009821F2 /* GoodNews */,
				37F070162B08F7BE009821F2 /* GoodNewsTests */,
				37F070202B08F7BE009821F2 /* GoodNewsUITests */,
			);
		};
/* End PBXProject section */

/* Begin PBXResourcesBuildPhase section */
		37F06FFF2B08F7BD009821F2 /* Resources */ = {
			isa = PBXResourcesBuildPhase;
			buildActionMask = 2147483647;
			files = (
				37F070112B08F7BE009821F2 /* LaunchScreen.storyboard in Resources */,
				37F0700E2B08F7BE009821F2 /* Assets.xcassets in Resources */,
				37F0700C2B08F7BD009821F2 /* Main.storyboard in Resources */,
			);
			runOnlyForDeploymentPostprocessing = 0;
		};
		37F070152B08F7BE009821F2 /* Resources */ = {
			isa = PBXResourcesBuildPhase;
			buildActionMask = 2147483647;
			files = (
			);
			runOnlyForDeploymentPostprocessing = 0;
		};
		37F0701F2B08F7BE009821F2 /* Resources */ = {
			isa = PBXResourcesBuildPhase;
			buildActionMask = 2147483647;
			files = (
			);
			runOnlyForDeploymentPostprocessing = 0;
		};
/* End PBXResourcesBuildPhase section */

/* Begin PBXSourcesBuildPhase section */
		37F06FFD2B08F7BD009821F2 /* Sources */ = {
			isa = PBXSourcesBuildPhase;
			buildActionMask = 2147483647;
			files = (
				37F070052B08F7BD009821F2 /* AppDelegate.swift in Sources */,
				37F070382B08F8F3009821F2 /* NavigationController.swift in Sources */,
				37F0703F2B08FB4F009821F2 /* Article.swift in Sources */,
				37F070362B08F8B9009821F2 /* NewsListTableViewController.swift in Sources */,
				37F070452B090521009821F2 /* ArticleTableViewCell.swift in Sources */,
				37F0703B2B08FB0A009821F2 /* Webservice.swift in Sources */,
				37F070072B08F7BD009821F2 /* SceneDelegate.swift in Sources */,
				37F070422B090013009821F2 /* ArticleListViewModel.swift in Sources */,
			);
			runOnlyForDeploymentPostprocessing = 0;
		};
		37F070132B08F7BE009821F2 /* Sources */ = {
			isa = PBXSourcesBuildPhase;
			buildActionMask = 2147483647;
			files = (
				37F0701C2B08F7BE009821F2 /* GoodNewsTests.swift in Sources */,
			);
			runOnlyForDeploymentPostprocessing = 0;
		};
		37F0701D2B08F7BE009821F2 /* Sources */ = {
			isa = PBXSourcesBuildPhase;
			buildActionMask = 2147483647;
			files = (
				37F070282B08F7BE009821F2 /* GoodNewsUITestsLaunchTests.swift in Sources */,
				37F070262B08F7BE009821F2 /* GoodNewsUITests.swift in Sources */,
			);
			runOnlyForDeploymentPostprocessing = 0;
		};
/* End PBXSourcesBuildPhase section */

/* Begin PBXTargetDependency section */
		37F070192B08F7BE009821F2 /* PBXTargetDependency */ = {
			isa = PBXTargetDependency;
			target = 37F070002B08F7BD009821F2 /* GoodNews */;
			targetProxy = 37F070182B08F7BE009821F2 /* PBXContainerItemProxy */;
		};
		37F070232B08F7BE009821F2 /* PBXTargetDependency */ = {
			isa = PBXTargetDependency;
			target = 37F070002B08F7BD009821F2 /* GoodNews */;
			targetProxy = 37F070222B08F7BE009821F2 /* PBXContainerItemProxy */;
		};
/* End PBXTargetDependency section */

/* Begin PBXVariantGroup section */
		37F0700A2B08F7BD009821F2 /* Main.storyboard */ = {
			isa = PBXVariantGroup;
			children = (
				37F0700B2B08F7BD009821F2 /* Base */,
			);
			name = Main.storyboard;
			sourceTree = "<group>";
		};
		37F0700F2B08F7BE009821F2 /* LaunchScreen.storyboard */ = {
			isa = PBXVariantGroup;
			children = (
				37F070102B08F7BE009821F2 /* Base */,
			);
			name = LaunchScreen.storyboard;
			sourceTree = "<group>";
		};
/* End PBXVariantGroup section */

/* Begin XCBuildConfiguration section */
		37F070292B08F7BE009821F2 /* Debug */ = {
			isa = XCBuildConfiguration;
			buildSettings = {
				ALWAYS_SEARCH_USER_PATHS = NO;
				ASSETCATALOG_COMPILER_GENERATE_SWIFT_ASSET_SYMBOL_EXTENSIONS = YES;
				CLANG_ANALYZER_NONNULL = YES;
				CLANG_ANALYZER_NUMBER_OBJECT_CONVERSION = YES_AGGRESSIVE;
				CLANG_CXX_LANGUAGE_STANDARD = "gnu++20";
				CLANG_ENABLE_MODULES = YES;
				CLANG_ENABLE_OBJC_ARC = YES;
				CLANG_ENABLE_OBJC_WEAK = YES;
				CLANG_WARN_BLOCK_CAPTURE_AUTORELEASING = YES;
				CLANG_WARN_BOOL_CONVERSION = YES;
				CLANG_WARN_COMMA = YES;
				CLANG_WARN_CONSTANT_CONVERSION = YES;
				CLANG_WARN_DEPRECATED_OBJC_IMPLEMENTATIONS = YES;
				CLANG_WARN_DIRECT_OBJC_ISA_USAGE = YES_ERROR;
				CLANG_WARN_DOCUMENTATION_COMMENTS = YES;
				CLANG_WARN_EMPTY_BODY = YES;
				CLANG_WARN_ENUM_CONVERSION = YES;
				CLANG_WARN_INFINITE_RECURSION = YES;
				CLANG_WARN_INT_CONVERSION = YES;
				CLANG_WARN_NON_LITERAL_NULL_CONVERSION = YES;
				CLANG_WARN_OBJC_IMPLICIT_RETAIN_SELF = YES;
				CLANG_WARN_OBJC_LITERAL_CONVERSION = YES;
				CLANG_WARN_OBJC_ROOT_CLASS = YES_ERROR;
				CLANG_WARN_QUOTED_INCLUDE_IN_FRAMEWORK_HEADER = YES;
				CLANG_WARN_RANGE_LOOP_ANALYSIS = YES;
				CLANG_WARN_STRICT_PROTOTYPES = YES;
				CLANG_WARN_SUSPICIOUS_MOVE = YES;
				CLANG_WARN_UNGUARDED_AVAILABILITY = YES_AGGRESSIVE;
				CLANG_WARN_UNREACHABLE_CODE = YES;
				CLANG_WARN__DUPLICATE_METHOD_MATCH = YES;
				COPY_PHASE_STRIP = NO;
				DEBUG_INFORMATION_FORMAT = dwarf;
				ENABLE_STRICT_OBJC_MSGSEND = YES;
				ENABLE_TESTABILITY = YES;
				ENABLE_USER_SCRIPT_SANDBOXING = YES;
				GCC_C_LANGUAGE_STANDARD = gnu17;
				GCC_DYNAMIC_NO_PIC = NO;
				GCC_NO_COMMON_BLOCKS = YES;
				GCC_OPTIMIZATION_LEVEL = 0;
				GCC_PREPROCESSOR_DEFINITIONS = (
					"DEBUG=1",
					"$(inherited)",
				);
				GCC_WARN_64_TO_32_BIT_CONVERSION = YES;
				GCC_WARN_ABOUT_RETURN_TYPE = YES_ERROR;
				GCC_WARN_UNDECLARED_SELECTOR = YES;
				GCC_WARN_UNINITIALIZED_AUTOS = YES_AGGRESSIVE;
				GCC_WARN_UNUSED_FUNCTION = YES;
				GCC_WARN_UNUSED_VARIABLE = YES;
				IPHONEOS_DEPLOYMENT_TARGET = 17.0;
				LOCALIZATION_PREFERS_STRING_CATALOGS = YES;
				MTL_ENABLE_DEBUG_INFO = INCLUDE_SOURCE;
				MTL_FAST_MATH = YES;
				ONLY_ACTIVE_ARCH = YES;
				SDKROOT = iphoneos;
				SWIFT_ACTIVE_COMPILATION_CONDITIONS = "DEBUG $(inherited)";
				SWIFT_OPTIMIZATION_LEVEL = "-Onone";
			};
			name = Debug;
		};
		37F0702A2B08F7BE009821F2 /* Release */ = {
			isa = XCBuildConfiguration;
			buildSettings = {
				ALWAYS_SEARCH_USER_PATHS = NO;
				ASSETCATALOG_COMPILER_GENERATE_SWIFT_ASSET_SYMBOL_EXTENSIONS = YES;
				CLANG_ANALYZER_NONNULL = YES;
				CLANG_ANALYZER_NUMBER_OBJECT_CONVERSION = YES_AGGRESSIVE;
				CLANG_CXX_LANGUAGE_STANDARD = "gnu++20";
				CLANG_ENABLE_MODULES = YES;
				CLANG_ENABLE_OBJC_ARC = YES;
				CLANG_ENABLE_OBJC_WEAK = YES;
				CLANG_WARN_BLOCK_CAPTURE_AUTORELEASING = YES;
				CLANG_WARN_BOOL_CONVERSION = YES;
				CLANG_WARN_COMMA = YES;
				CLANG_WARN_CONSTANT_CONVERSION = YES;
				CLANG_WARN_DEPRECATED_OBJC_IMPLEMENTATIONS = YES;
				CLANG_WARN_DIRECT_OBJC_ISA_USAGE = YES_ERROR;
				CLANG_WARN_DOCUMENTATION_COMMENTS = YES;
				CLANG_WARN_EMPTY_BODY = YES;
				CLANG_WARN_ENUM_CONVERSION = YES;
				CLANG_WARN_INFINITE_RECURSION = YES;
				CLANG_WARN_INT_CONVERSION = YES;
				CLANG_WARN_NON_LITERAL_NULL_CONVERSION = YES;
				CLANG_WARN_OBJC_IMPLICIT_RETAIN_SELF = YES;
				CLANG_WARN_OBJC_LITERAL_CONVERSION = YES;
				CLANG_WARN_OBJC_ROOT_CLASS = YES_ERROR;
				CLANG_WARN_QUOTED_INCLUDE_IN_FRAMEWORK_HEADER = YES;
				CLANG_WARN_RANGE_LOOP_ANALYSIS = YES;
				CLANG_WARN_STRICT_PROTOTYPES = YES;
				CLANG_WARN_SUSPICIOUS_MOVE = YES;
				CLANG_WARN_UNGUARDED_AVAILABILITY = YES_AGGRESSIVE;
				CLANG_WARN_UNREACHABLE_CODE = YES;
				CLANG_WARN__DUPLICATE_METHOD_MATCH = YES;
				COPY_PHASE_STRIP = NO;
				DEBUG_INFORMATION_FORMAT = "dwarf-with-dsym";
				ENABLE_NS_ASSERTIONS = NO;
				ENABLE_STRICT_OBJC_MSGSEND = YES;
				ENABLE_USER_SCRIPT_SANDBOXING = YES;
				GCC_C_LANGUAGE_STANDARD = gnu17;
				GCC_NO_COMMON_BLOCKS = YES;
				GCC_WARN_64_TO_32_BIT_CONVERSION = YES;
				GCC_WARN_ABOUT_RETURN_TYPE = YES_ERROR;
				GCC_WARN_UNDECLARED_SELECTOR = YES;
				GCC_WARN_UNINITIALIZED_AUTOS = YES_AGGRESSIVE;
				GCC_WARN_UNUSED_FUNCTION = YES;
				GCC_WARN_UNUSED_VARIABLE = YES;
				IPHONEOS_DEPLOYMENT_TARGET = 17.0;
				LOCALIZATION_PREFERS_STRING_CATALOGS = YES;
				MTL_ENABLE_DEBUG_INFO = NO;
				MTL_FAST_MATH = YES;
				SDKROOT = iphoneos;
				SWIFT_COMPILATION_MODE = wholemodule;
				VALIDATE_PRODUCT = YES;
			};
			name = Release;
		};
		37F0702C2B08F7BE009821F2 /* Debug */ = {
			isa = XCBuildConfiguration;
			buildSettings = {
				ASSETCATALOG_COMPILER_APPICON_NAME = AppIcon;
				ASSETCATALOG_COMPILER_GLOBAL_ACCENT_COLOR_NAME = AccentColor;
				CODE_SIGN_STYLE = Automatic;
				CURRENT_PROJECT_VERSION = 1;
				GENERATE_INFOPLIST_FILE = YES;
				INFOPLIST_FILE = GoodNews/Info.plist;
				INFOPLIST_KEY_UIApplicationSupportsIndirectInputEvents = YES;
				INFOPLIST_KEY_UILaunchStoryboardName = LaunchScreen;
				INFOPLIST_KEY_UIMainStoryboardFile = Main;
				INFOPLIST_KEY_UISupportedInterfaceOrientations_iPad = "UIInterfaceOrientationPortrait UIInterfaceOrientationPortraitUpsideDown UIInterfaceOrientationLandscapeLeft UIInterfaceOrientationLandscapeRight";
				INFOPLIST_KEY_UISupportedInterfaceOrientations_iPhone = "UIInterfaceOrientationPortrait UIInterfaceOrientationLandscapeLeft UIInterfaceOrientationLandscapeRight";
				LD_RUNPATH_SEARCH_PATHS = (
					"$(inherited)",
					"@executable_path/Frameworks",
				);
				MARKETING_VERSION = 1.0;
				PRODUCT_BUNDLE_IDENTIFIER = org.pushandcrashprod.dev.GoodNews;
				PRODUCT_NAME = "$(TARGET_NAME)";
				SWIFT_EMIT_LOC_STRINGS = YES;
				SWIFT_VERSION = 5.0;
				TARGETED_DEVICE_FAMILY = "1,2";
			};
			name = Debug;
		};
		37F0702D2B08F7BE009821F2 /* Release */ = {
			isa = XCBuildConfiguration;
			buildSettings = {
				ASSETCATALOG_COMPILER_APPICON_NAME = AppIcon;
				ASSETCATALOG_COMPILER_GLOBAL_ACCENT_COLOR_NAME = AccentColor;
				CODE_SIGN_STYLE = Automatic;
				CURRENT_PROJECT_VERSION = 1;
				GENERATE_INFOPLIST_FILE = YES;
				INFOPLIST_FILE = GoodNews/Info.plist;
				INFOPLIST_KEY_UIApplicationSupportsIndirectInputEvents = YES;
				INFOPLIST_KEY_UILaunchStoryboardName = LaunchScreen;
				INFOPLIST_KEY_UIMainStoryboardFile = Main;
				INFOPLIST_KEY_UISupportedInterfaceOrientations_iPad = "UIInterfaceOrientationPortrait UIInterfaceOrientationPortraitUpsideDown UIInterfaceOrientationLandscapeLeft UIInterfaceOrientationLandscapeRight";
				INFOPLIST_KEY_UISupportedInterfaceOrientations_iPhone = "UIInterfaceOrientationPortrait UIInterfaceOrientationLandscapeLeft UIInterfaceOrientationLandscapeRight";
				LD_RUNPATH_SEARCH_PATHS = (
					"$(inherited)",
					"@executable_path/Frameworks",
				);
				MARKETING_VERSION = 1.0;
				PRODUCT_BUNDLE_IDENTIFIER = org.pushandcrashprod.dev.GoodNews;
				PRODUCT_NAME = "$(TARGET_NAME)";
				SWIFT_EMIT_LOC_STRINGS = YES;
				SWIFT_VERSION = 5.0;
				TARGETED_DEVICE_FAMILY = "1,2";
			};
			name = Release;
		};
		37F0702F2B08F7BE009821F2 /* Debug */ = {
			isa = XCBuildConfiguration;
			buildSettings = {
				ALWAYS_EMBED_SWIFT_STANDARD_LIBRARIES = YES;
				BUNDLE_LOADER = "$(TEST_HOST)";
				CODE_SIGN_STYLE = Automatic;
				CURRENT_PROJECT_VERSION = 1;
				GENERATE_INFOPLIST_FILE = YES;
				IPHONEOS_DEPLOYMENT_TARGET = 17.0;
				MARKETING_VERSION = 1.0;
				PRODUCT_BUNDLE_IDENTIFIER = org.pushandcrashprod.dev.GoodNewsTests;
				PRODUCT_NAME = "$(TARGET_NAME)";
				SWIFT_EMIT_LOC_STRINGS = NO;
				SWIFT_VERSION = 5.0;
				TARGETED_DEVICE_FAMILY = "1,2";
				TEST_HOST = "$(BUILT_PRODUCTS_DIR)/GoodNews.app/$(BUNDLE_EXECUTABLE_FOLDER_PATH)/GoodNews";
			};
			name = Debug;
		};
		37F070302B08F7BE009821F2 /* Release */ = {
			isa = XCBuildConfiguration;
			buildSettings = {
				ALWAYS_EMBED_SWIFT_STANDARD_LIBRARIES = YES;
				BUNDLE_LOADER = "$(TEST_HOST)";
				CODE_SIGN_STYLE = Automatic;
				CURRENT_PROJECT_VERSION = 1;
				GENERATE_INFOPLIST_FILE = YES;
				IPHONEOS_DEPLOYMENT_TARGET = 17.0;
				MARKETING_VERSION = 1.0;
				PRODUCT_BUNDLE_IDENTIFIER = org.pushandcrashprod.dev.GoodNewsTests;
				PRODUCT_NAME = "$(TARGET_NAME)";
				SWIFT_EMIT_LOC_STRINGS = NO;
				SWIFT_VERSION = 5.0;
				TARGETED_DEVICE_FAMILY = "1,2";
				TEST_HOST = "$(BUILT_PRODUCTS_DIR)/GoodNews.app/$(BUNDLE_EXECUTABLE_FOLDER_PATH)/GoodNews";
			};
			name = Release;
		};
		37F070322B08F7BE009821F2 /* Debug */ = {
			isa = XCBuildConfiguration;
			buildSettings = {
				ALWAYS_EMBED_SWIFT_STANDARD_LIBRARIES = YES;
				CODE_SIGN_STYLE = Automatic;
				CURRENT_PROJECT_VERSION = 1;
				GENERATE_INFOPLIST_FILE = YES;
				MARKETING_VERSION = 1.0;
				PRODUCT_BUNDLE_IDENTIFIER = org.pushandcrashprod.dev.GoodNewsUITests;
				PRODUCT_NAME = "$(TARGET_NAME)";
				SWIFT_EMIT_LOC_STRINGS = NO;
				SWIFT_VERSION = 5.0;
				TARGETED_DEVICE_FAMILY = "1,2";
				TEST_TARGET_NAME = GoodNews;
			};
			name = Debug;
		};
		37F070332B08F7BE009821F2 /* Release */ = {
			isa = XCBuildConfiguration;
			buildSettings = {
				ALWAYS_EMBED_SWIFT_STANDARD_LIBRARIES = YES;
				CODE_SIGN_STYLE = Automatic;
				CURRENT_PROJECT_VERSION = 1;
				GENERATE_INFOPLIST_FILE = YES;
				MARKETING_VERSION = 1.0;
				PRODUCT_BUNDLE_IDENTIFIER = org.pushandcrashprod.dev.GoodNewsUITests;
				PRODUCT_NAME = "$(TARGET_NAME)";
				SWIFT_EMIT_LOC_STRINGS = NO;
				SWIFT_VERSION = 5.0;
				TARGETED_DEVICE_FAMILY = "1,2";
				TEST_TARGET_NAME = GoodNews;
			};
			name = Release;
		};
/* End XCBuildConfiguration section */

/* Begin XCConfigurationList section */
		37F06FFC2B08F7BD009821F2 /* Build configuration list for PBXProject "GoodNews" */ = {
			isa = XCConfigurationList;
			buildConfigurations = (
				37F070292B08F7BE009821F2 /* Debug */,
				37F0702A2B08F7BE009821F2 /* Release */,
			);
			defaultConfigurationIsVisible = 0;
			defaultConfigurationName = Release;
		};
		37F0702B2B08F7BE009821F2 /* Build configuration list for PBXNativeTarget "GoodNews" */ = {
			isa = XCConfigurationList;
			buildConfigurations = (
				37F0702C2B08F7BE009821F2 /* Debug */,
				37F0702D2B08F7BE009821F2 /* Release */,
			);
			defaultConfigurationIsVisible = 0;
			defaultConfigurationName = Release;
		};
		37F0702E2B08F7BE009821F2 /* Build configuration list for PBXNativeTarget "GoodNewsTests" */ = {
			isa = XCConfigurationList;
			buildConfigurations = (
				37F0702F2B08F7BE009821F2 /* Debug */,
				37F070302B08F7BE009821F2 /* Release */,
			);
			defaultConfigurationIsVisible = 0;
			defaultConfigurationName = Release;
		};
		37F070312B08F7BE009821F2 /* Build configuration list for PBXNativeTarget "GoodNewsUITests" */ = {
			isa = XCConfigurationList;
			buildConfigurations = (
				37F070322B08F7BE009821F2 /* Debug */,
				37F070332B08F7BE009821F2 /* Release */,
			);
			defaultConfigurationIsVisible = 0;
			defaultConfigurationName = Release;
		};
/* End XCConfigurationList section */
	};
	rootObject = 37F06FF92B08F7BD009821F2 /* Project object */;
}
