// !$*UTF8*$!
{
	archiveVersion = 1;
	classes = {
	};
	objectVersion = 56;
	objects = {

/* Begin PBXBuildFile section */
		37B309F02B1CC94800EB1354 /* AppDelegate.swift in Sources */ = {isa = PBXBuildFile; fileRef = 37B309EF2B1CC94800EB1354 /* AppDelegate.swift */; };
		37B309F22B1CC94800EB1354 /* SceneDelegate.swift in Sources */ = {isa = PBXBuildFile; fileRef = 37B309F12B1CC94800EB1354 /* SceneDelegate.swift */; };
		37B309F72B1CC94800EB1354 /* Main.storyboard in Resources */ = {isa = PBXBuildFile; fileRef = 37B309F52B1CC94800EB1354 /* Main.storyboard */; };
		37B309F92B1CC94900EB1354 /* Assets.xcassets in Resources */ = {isa = PBXBuildFile; fileRef = 37B309F82B1CC94900EB1354 /* Assets.xcassets */; };
		37B309FC2B1CC94900EB1354 /* LaunchScreen.storyboard in Resources */ = {isa = PBXBuildFile; fileRef = 37B309FA2B1CC94900EB1354 /* LaunchScreen.storyboard */; };
		37B30A072B1CC94900EB1354 /* GoodWeatherTests.swift in Sources */ = {isa = PBXBuildFile; fileRef = 37B30A062B1CC94900EB1354 /* GoodWeatherTests.swift */; };
		37B30A112B1CC94900EB1354 /* GoodWeatherUITests.swift in Sources */ = {isa = PBXBuildFile; fileRef = 37B30A102B1CC94900EB1354 /* GoodWeatherUITests.swift */; };
		37B30A132B1CC94900EB1354 /* GoodWeatherUITestsLaunchTests.swift in Sources */ = {isa = PBXBuildFile; fileRef = 37B30A122B1CC94900EB1354 /* GoodWeatherUITestsLaunchTests.swift */; };
		37B30A212B1CCF1400EB1354 /* WeatherListTableViewController.swift in Sources */ = {isa = PBXBuildFile; fileRef = 37B30A202B1CCF1400EB1354 /* WeatherListTableViewController.swift */; };
		37B30A232B1CCF5000EB1354 /* AddWeatherCityViewController.swift in Sources */ = {isa = PBXBuildFile; fileRef = 37B30A222B1CCF5000EB1354 /* AddWeatherCityViewController.swift */; };
		37B30A252B1CDC3000EB1354 /* NavigationController.swift in Sources */ = {isa = PBXBuildFile; fileRef = 37B30A242B1CDC3000EB1354 /* NavigationController.swift */; };
		37B30A282B1CDF2E00EB1354 /* WeatherCell.swift in Sources */ = {isa = PBXBuildFile; fileRef = 37B30A272B1CDF2E00EB1354 /* WeatherCell.swift */; };
/* End PBXBuildFile section */

/* Begin PBXContainerItemProxy section */
		37B30A032B1CC94900EB1354 /* PBXContainerItemProxy */ = {
			isa = PBXContainerItemProxy;
			containerPortal = 37B309E42B1CC94800EB1354 /* Project object */;
			proxyType = 1;
			remoteGlobalIDString = 37B309EB2B1CC94800EB1354;
			remoteInfo = GoodWeather;
		};
		37B30A0D2B1CC94900EB1354 /* PBXContainerItemProxy */ = {
			isa = PBXContainerItemProxy;
			containerPortal = 37B309E42B1CC94800EB1354 /* Project object */;
			proxyType = 1;
			remoteGlobalIDString = 37B309EB2B1CC94800EB1354;
			remoteInfo = GoodWeather;
		};
/* End PBXContainerItemProxy section */

/* Begin PBXFileReference section */
		37B309EC2B1CC94800EB1354 /* GoodWeather.app */ = {isa = PBXFileReference; explicitFileType = wrapper.application; includeInIndex = 0; path = GoodWeather.app; sourceTree = BUILT_PRODUCTS_DIR; };
		37B309EF2B1CC94800EB1354 /* AppDelegate.swift */ = {isa = PBXFileReference; lastKnownFileType = sourcecode.swift; path = AppDelegate.swift; sourceTree = "<group>"; };
		37B309F12B1CC94800EB1354 /* SceneDelegate.swift */ = {isa = PBXFileReference; lastKnownFileType = sourcecode.swift; path = SceneDelegate.swift; sourceTree = "<group>"; };
		37B309F62B1CC94800EB1354 /* Base */ = {isa = PBXFileReference; lastKnownFileType = file.storyboard; name = Base; path = Base.lproj/Main.storyboard; sourceTree = "<group>"; };
		37B309F82B1CC94900EB1354 /* Assets.xcassets */ = {isa = PBXFileReference; lastKnownFileType = folder.assetcatalog; path = Assets.xcassets; sourceTree = "<group>"; };
		37B309FB2B1CC94900EB1354 /* Base */ = {isa = PBXFileReference; lastKnownFileType = file.storyboard; name = Base; path = Base.lproj/LaunchScreen.storyboard; sourceTree = "<group>"; };
		37B309FD2B1CC94900EB1354 /* Info.plist */ = {isa = PBXFileReference; lastKnownFileType = text.plist.xml; path = Info.plist; sourceTree = "<group>"; };
		37B30A022B1CC94900EB1354 /* GoodWeatherTests.xctest */ = {isa = PBXFileReference; explicitFileType = wrapper.cfbundle; includeInIndex = 0; path = GoodWeatherTests.xctest; sourceTree = BUILT_PRODUCTS_DIR; };
		37B30A062B1CC94900EB1354 /* GoodWeatherTests.swift */ = {isa = PBXFileReference; lastKnownFileType = sourcecode.swift; path = GoodWeatherTests.swift; sourceTree = "<group>"; };
		37B30A0C2B1CC94900EB1354 /* GoodWeatherUITests.xctest */ = {isa = PBXFileReference; explicitFileType = wrapper.cfbundle; includeInIndex = 0; path = GoodWeatherUITests.xctest; sourceTree = BUILT_PRODUCTS_DIR; };
		37B30A102B1CC94900EB1354 /* GoodWeatherUITests.swift */ = {isa = PBXFileReference; lastKnownFileType = sourcecode.swift; path = GoodWeatherUITests.swift; sourceTree = "<group>"; };
		37B30A122B1CC94900EB1354 /* GoodWeatherUITestsLaunchTests.swift */ = {isa = PBXFileReference; lastKnownFileType = sourcecode.swift; path = GoodWeatherUITestsLaunchTests.swift; sourceTree = "<group>"; };
		37B30A202B1CCF1400EB1354 /* WeatherListTableViewController.swift */ = {isa = PBXFileReference; lastKnownFileType = sourcecode.swift; path = WeatherListTableViewController.swift; sourceTree = "<group>"; };
		37B30A222B1CCF5000EB1354 /* AddWeatherCityViewController.swift */ = {isa = PBXFileReference; lastKnownFileType = sourcecode.swift; path = AddWeatherCityViewController.swift; sourceTree = "<group>"; };
		37B30A242B1CDC3000EB1354 /* NavigationController.swift */ = {isa = PBXFileReference; lastKnownFileType = sourcecode.swift; path = NavigationController.swift; sourceTree = "<group>"; };
		37B30A272B1CDF2E00EB1354 /* WeatherCell.swift */ = {isa = PBXFileReference; lastKnownFileType = sourcecode.swift; path = WeatherCell.swift; sourceTree = "<group>"; };
/* End PBXFileReference section */

/* Begin PBXFrameworksBuildPhase section */
		37B309E92B1CC94800EB1354 /* Frameworks */ = {
			isa = PBXFrameworksBuildPhase;
			buildActionMask = 2147483647;
			files = (
			);
			runOnlyForDeploymentPostprocessing = 0;
		};
		37B309FF2B1CC94900EB1354 /* Frameworks */ = {
			isa = PBXFrameworksBuildPhase;
			buildActionMask = 2147483647;
			files = (
			);
			runOnlyForDeploymentPostprocessing = 0;
		};
		37B30A092B1CC94900EB1354 /* Frameworks */ = {
			isa = PBXFrameworksBuildPhase;
			buildActionMask = 2147483647;
			files = (
			);
			runOnlyForDeploymentPostprocessing = 0;
		};
/* End PBXFrameworksBuildPhase section */

/* Begin PBXGroup section */
		37B309E32B1CC94800EB1354 = {
			isa = PBXGroup;
			children = (
				37B309EE2B1CC94800EB1354 /* GoodWeather */,
				37B30A052B1CC94900EB1354 /* GoodWeatherTests */,
				37B30A0F2B1CC94900EB1354 /* GoodWeatherUITests */,
				37B309ED2B1CC94800EB1354 /* Products */,
			);
			sourceTree = "<group>";
		};
		37B309ED2B1CC94800EB1354 /* Products */ = {
			isa = PBXGroup;
			children = (
				37B309EC2B1CC94800EB1354 /* GoodWeather.app */,
				37B30A022B1CC94900EB1354 /* GoodWeatherTests.xctest */,
				37B30A0C2B1CC94900EB1354 /* GoodWeatherUITests.xctest */,
			);
			name = Products;
			sourceTree = "<group>";
		};
		37B309EE2B1CC94800EB1354 /* GoodWeather */ = {
			isa = PBXGroup;
			children = (
				37B30A262B1CDF0D00EB1354 /* CustomCells */,
				37B30A1F2B1CCEEB00EB1354 /* Controllers */,
				37B309EF2B1CC94800EB1354 /* AppDelegate.swift */,
				37B309F12B1CC94800EB1354 /* SceneDelegate.swift */,
				37B309F52B1CC94800EB1354 /* Main.storyboard */,
				37B309F82B1CC94900EB1354 /* Assets.xcassets */,
				37B309FA2B1CC94900EB1354 /* LaunchScreen.storyboard */,
				37B309FD2B1CC94900EB1354 /* Info.plist */,
			);
			path = GoodWeather;
			sourceTree = "<group>";
		};
		37B30A052B1CC94900EB1354 /* GoodWeatherTests */ = {
			isa = PBXGroup;
			children = (
				37B30A062B1CC94900EB1354 /* GoodWeatherTests.swift */,
			);
			path = GoodWeatherTests;
			sourceTree = "<group>";
		};
		37B30A0F2B1CC94900EB1354 /* GoodWeatherUITests */ = {
			isa = PBXGroup;
			children = (
				37B30A102B1CC94900EB1354 /* GoodWeatherUITests.swift */,
				37B30A122B1CC94900EB1354 /* GoodWeatherUITestsLaunchTests.swift */,
			);
			path = GoodWeatherUITests;
			sourceTree = "<group>";
		};
		37B30A1F2B1CCEEB00EB1354 /* Controllers */ = {
			isa = PBXGroup;
			children = (
				37B30A202B1CCF1400EB1354 /* WeatherListTableViewController.swift */,
				37B30A222B1CCF5000EB1354 /* AddWeatherCityViewController.swift */,
				37B30A242B1CDC3000EB1354 /* NavigationController.swift */,
			);
			path = Controllers;
			sourceTree = "<group>";
		};
		37B30A262B1CDF0D00EB1354 /* CustomCells */ = {
			isa = PBXGroup;
			children = (
				37B30A272B1CDF2E00EB1354 /* WeatherCell.swift */,
			);
			path = CustomCells;
			sourceTree = "<group>";
		};
/* End PBXGroup section */

/* Begin PBXNativeTarget section */
		37B309EB2B1CC94800EB1354 /* GoodWeather */ = {
			isa = PBXNativeTarget;
			buildConfigurationList = 37B30A162B1CC94900EB1354 /* Build configuration list for PBXNativeTarget "GoodWeather" */;
			buildPhases = (
				37B309E82B1CC94800EB1354 /* Sources */,
				37B309E92B1CC94800EB1354 /* Frameworks */,
				37B309EA2B1CC94800EB1354 /* Resources */,
			);
			buildRules = (
			);
			dependencies = (
			);
			name = GoodWeather;
			productName = GoodWeather;
			productReference = 37B309EC2B1CC94800EB1354 /* GoodWeather.app */;
			productType = "com.apple.product-type.application";
		};
		37B30A012B1CC94900EB1354 /* GoodWeatherTests */ = {
			isa = PBXNativeTarget;
			buildConfigurationList = 37B30A192B1CC94900EB1354 /* Build configuration list for PBXNativeTarget "GoodWeatherTests" */;
			buildPhases = (
				37B309FE2B1CC94900EB1354 /* Sources */,
				37B309FF2B1CC94900EB1354 /* Frameworks */,
				37B30A002B1CC94900EB1354 /* Resources */,
			);
			buildRules = (
			);
			dependencies = (
				37B30A042B1CC94900EB1354 /* PBXTargetDependency */,
			);
			name = GoodWeatherTests;
			productName = GoodWeatherTests;
			productReference = 37B30A022B1CC94900EB1354 /* GoodWeatherTests.xctest */;
			productType = "com.apple.product-type.bundle.unit-test";
		};
		37B30A0B2B1CC94900EB1354 /* GoodWeatherUITests */ = {
			isa = PBXNativeTarget;
			buildConfigurationList = 37B30A1C2B1CC94900EB1354 /* Build configuration list for PBXNativeTarget "GoodWeatherUITests" */;
			buildPhases = (
				37B30A082B1CC94900EB1354 /* Sources */,
				37B30A092B1CC94900EB1354 /* Frameworks */,
				37B30A0A2B1CC94900EB1354 /* Resources */,
			);
			buildRules = (
			);
			dependencies = (
				37B30A0E2B1CC94900EB1354 /* PBXTargetDependency */,
			);
			name = GoodWeatherUITests;
			productName = GoodWeatherUITests;
			productReference = 37B30A0C2B1CC94900EB1354 /* GoodWeatherUITests.xctest */;
			productType = "com.apple.product-type.bundle.ui-testing";
		};
/* End PBXNativeTarget section */

/* Begin PBXProject section */
		37B309E42B1CC94800EB1354 /* Project object */ = {
			isa = PBXProject;
			attributes = {
				BuildIndependentTargetsInParallel = 1;
				LastSwiftUpdateCheck = 1500;
				LastUpgradeCheck = 1500;
				TargetAttributes = {
					37B309EB2B1CC94800EB1354 = {
						CreatedOnToolsVersion = 15.0.1;
					};
					37B30A012B1CC94900EB1354 = {
						CreatedOnToolsVersion = 15.0.1;
						TestTargetID = 37B309EB2B1CC94800EB1354;
					};
					37B30A0B2B1CC94900EB1354 = {
						CreatedOnToolsVersion = 15.0.1;
						TestTargetID = 37B309EB2B1CC94800EB1354;
					};
				};
			};
			buildConfigurationList = 37B309E72B1CC94800EB1354 /* Build configuration list for PBXProject "GoodWeather" */;
			compatibilityVersion = "Xcode 14.0";
			developmentRegion = en;
			hasScannedForEncodings = 0;
			knownRegions = (
				en,
				Base,
			);
			mainGroup = 37B309E32B1CC94800EB1354;
			productRefGroup = 37B309ED2B1CC94800EB1354 /* Products */;
			projectDirPath = "";
			projectRoot = "";
			targets = (
				37B309EB2B1CC94800EB1354 /* GoodWeather */,
				37B30A012B1CC94900EB1354 /* GoodWeatherTests */,
				37B30A0B2B1CC94900EB1354 /* GoodWeatherUITests */,
			);
		};
/* End PBXProject section */

/* Begin PBXResourcesBuildPhase section */
		37B309EA2B1CC94800EB1354 /* Resources */ = {
			isa = PBXResourcesBuildPhase;
			buildActionMask = 2147483647;
			files = (
				37B309FC2B1CC94900EB1354 /* LaunchScreen.storyboard in Resources */,
				37B309F92B1CC94900EB1354 /* Assets.xcassets in Resources */,
				37B309F72B1CC94800EB1354 /* Main.storyboard in Resources */,
			);
			runOnlyForDeploymentPostprocessing = 0;
		};
		37B30A002B1CC94900EB1354 /* Resources */ = {
			isa = PBXResourcesBuildPhase;
			buildActionMask = 2147483647;
			files = (
			);
			runOnlyForDeploymentPostprocessing = 0;
		};
		37B30A0A2B1CC94900EB1354 /* Resources */ = {
			isa = PBXResourcesBuildPhase;
			buildActionMask = 2147483647;
			files = (
			);
			runOnlyForDeploymentPostprocessing = 0;
		};
/* End PBXResourcesBuildPhase section */

/* Begin PBXSourcesBuildPhase section */
		37B309E82B1CC94800EB1354 /* Sources */ = {
			isa = PBXSourcesBuildPhase;
			buildActionMask = 2147483647;
			files = (
				37B30A212B1CCF1400EB1354 /* WeatherListTableViewController.swift in Sources */,
				37B309F02B1CC94800EB1354 /* AppDelegate.swift in Sources */,
				37B30A282B1CDF2E00EB1354 /* WeatherCell.swift in Sources */,
				37B30A252B1CDC3000EB1354 /* NavigationController.swift in Sources */,
				37B30A232B1CCF5000EB1354 /* AddWeatherCityViewController.swift in Sources */,
				37B309F22B1CC94800EB1354 /* SceneDelegate.swift in Sources */,
			);
			runOnlyForDeploymentPostprocessing = 0;
		};
		37B309FE2B1CC94900EB1354 /* Sources */ = {
			isa = PBXSourcesBuildPhase;
			buildActionMask = 2147483647;
			files = (
				37B30A072B1CC94900EB1354 /* GoodWeatherTests.swift in Sources */,
			);
			runOnlyForDeploymentPostprocessing = 0;
		};
		37B30A082B1CC94900EB1354 /* Sources */ = {
			isa = PBXSourcesBuildPhase;
			buildActionMask = 2147483647;
			files = (
				37B30A132B1CC94900EB1354 /* GoodWeatherUITestsLaunchTests.swift in Sources */,
				37B30A112B1CC94900EB1354 /* GoodWeatherUITests.swift in Sources */,
			);
			runOnlyForDeploymentPostprocessing = 0;
		};
/* End PBXSourcesBuildPhase section */

/* Begin PBXTargetDependency section */
		37B30A042B1CC94900EB1354 /* PBXTargetDependency */ = {
			isa = PBXTargetDependency;
			target = 37B309EB2B1CC94800EB1354 /* GoodWeather */;
			targetProxy = 37B30A032B1CC94900EB1354 /* PBXContainerItemProxy */;
		};
		37B30A0E2B1CC94900EB1354 /* PBXTargetDependency */ = {
			isa = PBXTargetDependency;
			target = 37B309EB2B1CC94800EB1354 /* GoodWeather */;
			targetProxy = 37B30A0D2B1CC94900EB1354 /* PBXContainerItemProxy */;
		};
/* End PBXTargetDependency section */

/* Begin PBXVariantGroup section */
		37B309F52B1CC94800EB1354 /* Main.storyboard */ = {
			isa = PBXVariantGroup;
			children = (
				37B309F62B1CC94800EB1354 /* Base */,
			);
			name = Main.storyboard;
			sourceTree = "<group>";
		};
		37B309FA2B1CC94900EB1354 /* LaunchScreen.storyboard */ = {
			isa = PBXVariantGroup;
			children = (
				37B309FB2B1CC94900EB1354 /* Base */,
			);
			name = LaunchScreen.storyboard;
			sourceTree = "<group>";
		};
/* End PBXVariantGroup section */

/* Begin XCBuildConfiguration section */
		37B30A142B1CC94900EB1354 /* Debug */ = {
			isa = XCBuildConfiguration;
			buildSettings = {
				ALWAYS_SEARCH_USER_PATHS = NO;
				ASSETCATALOG_COMPILER_GENERATE_SWIFT_ASSET_SYMBOL_EXTENSIONS = YES;
				CLANG_ANALYZER_NONNULL = YES;
				CLANG_ANALYZER_NUMBER_OBJECT_CONVERSION = YES_AGGRESSIVE;
				CLANG_CXX_LANGUAGE_STANDARD = "gnu++20";
				CLANG_ENABLE_MODULES = YES;
				CLANG_ENABLE_OBJC_ARC = YES;
				CLANG_ENABLE_OBJC_WEAK = YES;
				CLANG_WARN_BLOCK_CAPTURE_AUTORELEASING = YES;
				CLANG_WARN_BOOL_CONVERSION = YES;
				CLANG_WARN_COMMA = YES;
				CLANG_WARN_CONSTANT_CONVERSION = YES;
				CLANG_WARN_DEPRECATED_OBJC_IMPLEMENTATIONS = YES;
				CLANG_WARN_DIRECT_OBJC_ISA_USAGE = YES_ERROR;
				CLANG_WARN_DOCUMENTATION_COMMENTS = YES;
				CLANG_WARN_EMPTY_BODY = YES;
				CLANG_WARN_ENUM_CONVERSION = YES;
				CLANG_WARN_INFINITE_RECURSION = YES;
				CLANG_WARN_INT_CONVERSION = YES;
				CLANG_WARN_NON_LITERAL_NULL_CONVERSION = YES;
				CLANG_WARN_OBJC_IMPLICIT_RETAIN_SELF = YES;
				CLANG_WARN_OBJC_LITERAL_CONVERSION = YES;
				CLANG_WARN_OBJC_ROOT_CLASS = YES_ERROR;
				CLANG_WARN_QUOTED_INCLUDE_IN_FRAMEWORK_HEADER = YES;
				CLANG_WARN_RANGE_LOOP_ANALYSIS = YES;
				CLANG_WARN_STRICT_PROTOTYPES = YES;
				CLANG_WARN_SUSPICIOUS_MOVE = YES;
				CLANG_WARN_UNGUARDED_AVAILABILITY = YES_AGGRESSIVE;
				CLANG_WARN_UNREACHABLE_CODE = YES;
				CLANG_WARN__DUPLICATE_METHOD_MATCH = YES;
				COPY_PHASE_STRIP = NO;
				DEBUG_INFORMATION_FORMAT = dwarf;
				ENABLE_STRICT_OBJC_MSGSEND = YES;
				ENABLE_TESTABILITY = YES;
				ENABLE_USER_SCRIPT_SANDBOXING = YES;
				GCC_C_LANGUAGE_STANDARD = gnu17;
				GCC_DYNAMIC_NO_PIC = NO;
				GCC_NO_COMMON_BLOCKS = YES;
				GCC_OPTIMIZATION_LEVEL = 0;
				GCC_PREPROCESSOR_DEFINITIONS = (
					"DEBUG=1",
					"$(inherited)",
				);
				GCC_WARN_64_TO_32_BIT_CONVERSION = YES;
				GCC_WARN_ABOUT_RETURN_TYPE = YES_ERROR;
				GCC_WARN_UNDECLARED_SELECTOR = YES;
				GCC_WARN_UNINITIALIZED_AUTOS = YES_AGGRESSIVE;
				GCC_WARN_UNUSED_FUNCTION = YES;
				GCC_WARN_UNUSED_VARIABLE = YES;
				IPHONEOS_DEPLOYMENT_TARGET = 17.0;
				LOCALIZATION_PREFERS_STRING_CATALOGS = YES;
				MTL_ENABLE_DEBUG_INFO = INCLUDE_SOURCE;
				MTL_FAST_MATH = YES;
				ONLY_ACTIVE_ARCH = YES;
				SDKROOT = iphoneos;
				SWIFT_ACTIVE_COMPILATION_CONDITIONS = "DEBUG $(inherited)";
				SWIFT_OPTIMIZATION_LEVEL = "-Onone";
			};
			name = Debug;
		};
		37B30A152B1CC94900EB1354 /* Release */ = {
			isa = XCBuildConfiguration;
			buildSettings = {
				ALWAYS_SEARCH_USER_PATHS = NO;
				ASSETCATALOG_COMPILER_GENERATE_SWIFT_ASSET_SYMBOL_EXTENSIONS = YES;
				CLANG_ANALYZER_NONNULL = YES;
				CLANG_ANALYZER_NUMBER_OBJECT_CONVERSION = YES_AGGRESSIVE;
				CLANG_CXX_LANGUAGE_STANDARD = "gnu++20";
				CLANG_ENABLE_MODULES = YES;
				CLANG_ENABLE_OBJC_ARC = YES;
				CLANG_ENABLE_OBJC_WEAK = YES;
				CLANG_WARN_BLOCK_CAPTURE_AUTORELEASING = YES;
				CLANG_WARN_BOOL_CONVERSION = YES;
				CLANG_WARN_COMMA = YES;
				CLANG_WARN_CONSTANT_CONVERSION = YES;
				CLANG_WARN_DEPRECATED_OBJC_IMPLEMENTATIONS = YES;
				CLANG_WARN_DIRECT_OBJC_ISA_USAGE = YES_ERROR;
				CLANG_WARN_DOCUMENTATION_COMMENTS = YES;
				CLANG_WARN_EMPTY_BODY = YES;
				CLANG_WARN_ENUM_CONVERSION = YES;
				CLANG_WARN_INFINITE_RECURSION = YES;
				CLANG_WARN_INT_CONVERSION = YES;
				CLANG_WARN_NON_LITERAL_NULL_CONVERSION = YES;
				CLANG_WARN_OBJC_IMPLICIT_RETAIN_SELF = YES;
				CLANG_WARN_OBJC_LITERAL_CONVERSION = YES;
				CLANG_WARN_OBJC_ROOT_CLASS = YES_ERROR;
				CLANG_WARN_QUOTED_INCLUDE_IN_FRAMEWORK_HEADER = YES;
				CLANG_WARN_RANGE_LOOP_ANALYSIS = YES;
				CLANG_WARN_STRICT_PROTOTYPES = YES;
				CLANG_WARN_SUSPICIOUS_MOVE = YES;
				CLANG_WARN_UNGUARDED_AVAILABILITY = YES_AGGRESSIVE;
				CLANG_WARN_UNREACHABLE_CODE = YES;
				CLANG_WARN__DUPLICATE_METHOD_MATCH = YES;
				COPY_PHASE_STRIP = NO;
				DEBUG_INFORMATION_FORMAT = "dwarf-with-dsym";
				ENABLE_NS_ASSERTIONS = NO;
				ENABLE_STRICT_OBJC_MSGSEND = YES;
				ENABLE_USER_SCRIPT_SANDBOXING = YES;
				GCC_C_LANGUAGE_STANDARD = gnu17;
				GCC_NO_COMMON_BLOCKS = YES;
				GCC_WARN_64_TO_32_BIT_CONVERSION = YES;
				GCC_WARN_ABOUT_RETURN_TYPE = YES_ERROR;
				GCC_WARN_UNDECLARED_SELECTOR = YES;
				GCC_WARN_UNINITIALIZED_AUTOS = YES_AGGRESSIVE;
				GCC_WARN_UNUSED_FUNCTION = YES;
				GCC_WARN_UNUSED_VARIABLE = YES;
				IPHONEOS_DEPLOYMENT_TARGET = 17.0;
				LOCALIZATION_PREFERS_STRING_CATALOGS = YES;
				MTL_ENABLE_DEBUG_INFO = NO;
				MTL_FAST_MATH = YES;
				SDKROOT = iphoneos;
				SWIFT_COMPILATION_MODE = wholemodule;
				VALIDATE_PRODUCT = YES;
			};
			name = Release;
		};
		37B30A172B1CC94900EB1354 /* Debug */ = {
			isa = XCBuildConfiguration;
			buildSettings = {
				ASSETCATALOG_COMPILER_APPICON_NAME = AppIcon;
				ASSETCATALOG_COMPILER_GLOBAL_ACCENT_COLOR_NAME = AccentColor;
				CODE_SIGN_STYLE = Automatic;
				CURRENT_PROJECT_VERSION = 1;
				GENERATE_INFOPLIST_FILE = YES;
				INFOPLIST_FILE = GoodWeather/Info.plist;
				INFOPLIST_KEY_UIApplicationSupportsIndirectInputEvents = YES;
				INFOPLIST_KEY_UILaunchStoryboardName = LaunchScreen;
				INFOPLIST_KEY_UIMainStoryboardFile = Main;
				INFOPLIST_KEY_UISupportedInterfaceOrientations_iPad = "UIInterfaceOrientationPortrait UIInterfaceOrientationPortraitUpsideDown UIInterfaceOrientationLandscapeLeft UIInterfaceOrientationLandscapeRight";
				INFOPLIST_KEY_UISupportedInterfaceOrientations_iPhone = "UIInterfaceOrientationPortrait UIInterfaceOrientationLandscapeLeft UIInterfaceOrientationLandscapeRight";
				LD_RUNPATH_SEARCH_PATHS = (
					"$(inherited)",
					"@executable_path/Frameworks",
				);
				MARKETING_VERSION = 1.0;
				PRODUCT_BUNDLE_IDENTIFIER = org.pushandcrashprod.dev.GoodWeather;
				PRODUCT_NAME = "$(TARGET_NAME)";
				SWIFT_EMIT_LOC_STRINGS = YES;
				SWIFT_VERSION = 5.0;
				TARGETED_DEVICE_FAMILY = "1,2";
			};
			name = Debug;
		};
		37B30A182B1CC94900EB1354 /* Release */ = {
			isa = XCBuildConfiguration;
			buildSettings = {
				ASSETCATALOG_COMPILER_APPICON_NAME = AppIcon;
				ASSETCATALOG_COMPILER_GLOBAL_ACCENT_COLOR_NAME = AccentColor;
				CODE_SIGN_STYLE = Automatic;
				CURRENT_PROJECT_VERSION = 1;
				GENERATE_INFOPLIST_FILE = YES;
				INFOPLIST_FILE = GoodWeather/Info.plist;
				INFOPLIST_KEY_UIApplicationSupportsIndirectInputEvents = YES;
				INFOPLIST_KEY_UILaunchStoryboardName = LaunchScreen;
				INFOPLIST_KEY_UIMainStoryboardFile = Main;
				INFOPLIST_KEY_UISupportedInterfaceOrientations_iPad = "UIInterfaceOrientationPortrait UIInterfaceOrientationPortraitUpsideDown UIInterfaceOrientationLandscapeLeft UIInterfaceOrientationLandscapeRight";
				INFOPLIST_KEY_UISupportedInterfaceOrientations_iPhone = "UIInterfaceOrientationPortrait UIInterfaceOrientationLandscapeLeft UIInterfaceOrientationLandscapeRight";
				LD_RUNPATH_SEARCH_PATHS = (
					"$(inherited)",
					"@executable_path/Frameworks",
				);
				MARKETING_VERSION = 1.0;
				PRODUCT_BUNDLE_IDENTIFIER = org.pushandcrashprod.dev.GoodWeather;
				PRODUCT_NAME = "$(TARGET_NAME)";
				SWIFT_EMIT_LOC_STRINGS = YES;
				SWIFT_VERSION = 5.0;
				TARGETED_DEVICE_FAMILY = "1,2";
			};
			name = Release;
		};
		37B30A1A2B1CC94900EB1354 /* Debug */ = {
			isa = XCBuildConfiguration;
			buildSettings = {
				ALWAYS_EMBED_SWIFT_STANDARD_LIBRARIES = YES;
				BUNDLE_LOADER = "$(TEST_HOST)";
				CODE_SIGN_STYLE = Automatic;
				CURRENT_PROJECT_VERSION = 1;
				GENERATE_INFOPLIST_FILE = YES;
				IPHONEOS_DEPLOYMENT_TARGET = 17.0;
				MARKETING_VERSION = 1.0;
				PRODUCT_BUNDLE_IDENTIFIER = org.pushandcrashprod.dev.GoodWeatherTests;
				PRODUCT_NAME = "$(TARGET_NAME)";
				SWIFT_EMIT_LOC_STRINGS = NO;
				SWIFT_VERSION = 5.0;
				TARGETED_DEVICE_FAMILY = "1,2";
				TEST_HOST = "$(BUILT_PRODUCTS_DIR)/GoodWeather.app/$(BUNDLE_EXECUTABLE_FOLDER_PATH)/GoodWeather";
			};
			name = Debug;
		};
		37B30A1B2B1CC94900EB1354 /* Release */ = {
			isa = XCBuildConfiguration;
			buildSettings = {
				ALWAYS_EMBED_SWIFT_STANDARD_LIBRARIES = YES;
				BUNDLE_LOADER = "$(TEST_HOST)";
				CODE_SIGN_STYLE = Automatic;
				CURRENT_PROJECT_VERSION = 1;
				GENERATE_INFOPLIST_FILE = YES;
				IPHONEOS_DEPLOYMENT_TARGET = 17.0;
				MARKETING_VERSION = 1.0;
				PRODUCT_BUNDLE_IDENTIFIER = org.pushandcrashprod.dev.GoodWeatherTests;
				PRODUCT_NAME = "$(TARGET_NAME)";
				SWIFT_EMIT_LOC_STRINGS = NO;
				SWIFT_VERSION = 5.0;
				TARGETED_DEVICE_FAMILY = "1,2";
				TEST_HOST = "$(BUILT_PRODUCTS_DIR)/GoodWeather.app/$(BUNDLE_EXECUTABLE_FOLDER_PATH)/GoodWeather";
			};
			name = Release;
		};
		37B30A1D2B1CC94900EB1354 /* Debug */ = {
			isa = XCBuildConfiguration;
			buildSettings = {
				ALWAYS_EMBED_SWIFT_STANDARD_LIBRARIES = YES;
				CODE_SIGN_STYLE = Automatic;
				CURRENT_PROJECT_VERSION = 1;
				GENERATE_INFOPLIST_FILE = YES;
				MARKETING_VERSION = 1.0;
				PRODUCT_BUNDLE_IDENTIFIER = org.pushandcrashprod.dev.GoodWeatherUITests;
				PRODUCT_NAME = "$(TARGET_NAME)";
				SWIFT_EMIT_LOC_STRINGS = NO;
				SWIFT_VERSION = 5.0;
				TARGETED_DEVICE_FAMILY = "1,2";
				TEST_TARGET_NAME = GoodWeather;
			};
			name = Debug;
		};
		37B30A1E2B1CC94900EB1354 /* Release */ = {
			isa = XCBuildConfiguration;
			buildSettings = {
				ALWAYS_EMBED_SWIFT_STANDARD_LIBRARIES = YES;
				CODE_SIGN_STYLE = Automatic;
				CURRENT_PROJECT_VERSION = 1;
				GENERATE_INFOPLIST_FILE = YES;
				MARKETING_VERSION = 1.0;
				PRODUCT_BUNDLE_IDENTIFIER = org.pushandcrashprod.dev.GoodWeatherUITests;
				PRODUCT_NAME = "$(TARGET_NAME)";
				SWIFT_EMIT_LOC_STRINGS = NO;
				SWIFT_VERSION = 5.0;
				TARGETED_DEVICE_FAMILY = "1,2";
				TEST_TARGET_NAME = GoodWeather;
			};
			name = Release;
		};
/* End XCBuildConfiguration section */

/* Begin XCConfigurationList section */
		37B309E72B1CC94800EB1354 /* Build configuration list for PBXProject "GoodWeather" */ = {
			isa = XCConfigurationList;
			buildConfigurations = (
				37B30A142B1CC94900EB1354 /* Debug */,
				37B30A152B1CC94900EB1354 /* Release */,
			);
			defaultConfigurationIsVisible = 0;
			defaultConfigurationName = Release;
		};
		37B30A162B1CC94900EB1354 /* Build configuration list for PBXNativeTarget "GoodWeather" */ = {
			isa = XCConfigurationList;
			buildConfigurations = (
				37B30A172B1CC94900EB1354 /* Debug */,
				37B30A182B1CC94900EB1354 /* Release */,
			);
			defaultConfigurationIsVisible = 0;
			defaultConfigurationName = Release;
		};
		37B30A192B1CC94900EB1354 /* Build configuration list for PBXNativeTarget "GoodWeatherTests" */ = {
			isa = XCConfigurationList;
			buildConfigurations = (
				37B30A1A2B1CC94900EB1354 /* Debug */,
				37B30A1B2B1CC94900EB1354 /* Release */,
			);
			defaultConfigurationIsVisible = 0;
			defaultConfigurationName = Release;
		};
		37B30A1C2B1CC94900EB1354 /* Build configuration list for PBXNativeTarget "GoodWeatherUITests" */ = {
			isa = XCConfigurationList;
			buildConfigurations = (
				37B30A1D2B1CC94900EB1354 /* Debug */,
				37B30A1E2B1CC94900EB1354 /* Release */,
			);
			defaultConfigurationIsVisible = 0;
			defaultConfigurationName = Release;
		};
/* End XCConfigurationList section */
	};
	rootObject = 37B309E42B1CC94800EB1354 /* Project object */;
}
